
Microsoft Visual Studio Solution File, Format Version 12.00
# Visual Studio 15
VisualStudioVersion = 15.0.27428.2015
MinimumVisualStudioVersion = 10.0.40219.1
Project("{FAE04EC0-301F-11D3-BF4B-00C04F79EFBC}") = "AdvancedCode", "AdvancedCode\AdvancedCode.csproj", "{10E663CB-B528-4CA3-8FEA-D8DC8BC7BDE6}"
EndProject
Global
	GlobalSection(SolutionConfigurationPlatforms) = preSolution
		Debug|Any CPU = Debug|Any CPU
		Release|Any CPU = Release|Any CPU
	EndGlobalSection
	GlobalSection(ProjectConfigurationPlatforms) = postSolution
		{10E663CB-B528-4CA3-8FEA-D8DC8BC7BDE6}.Debug|Any CPU.ActiveCfg = Debug|Any CPU
		{10E663CB-B528-4CA3-8FEA-D8DC8BC7BDE6}.Debug|Any CPU.Build.0 = Debug|Any CPU
		{10E663CB-B528-4CA3-8FEA-D8DC8BC7BDE6}.Release|Any CPU.ActiveCfg = Release|Any CPU
		{10E663CB-B528-4CA3-8FEA-D8DC8BC7BDE6}.Release|Any CPU.Build.0 = Release|Any CPU
	EndGlobalSection
	GlobalSection(SolutionProperties) = preSolution
		HideSolutionNode = FALSE
	EndGlobalSection
	GlobalSection(ExtensibilityGlobals) = postSolution
		SolutionGuid = {292A79F5-DF59-4200-BE9F-724173E0DC67}
	EndGlobalSection
EndGlobal
